// !$*UTF8*$!
{
	archiveVersion = 1;
	classes = {
	};
	objectVersion = 48;
	objects = {

/* Begin PBXBuildFile section */
		512B88171F5FF13700B181B6 /* SGImagePicker.framework in Frameworks */ = {isa = PBXBuildFile; fileRef = 512B880D1F5FF13700B181B6 /* SGImagePicker.framework */; };
		512B881C1F5FF13700B181B6 /* SGImagePickerTests.swift in Sources */ = {isa = PBXBuildFile; fileRef = 512B881B1F5FF13700B181B6 /* SGImagePickerTests.swift */; };
		512B881E1F5FF13700B181B6 /* SGImagePicker.h in Headers */ = {isa = PBXBuildFile; fileRef = 512B88101F5FF13700B181B6 /* SGImagePicker.h */; settings = {ATTRIBUTES = (Public, ); }; };
		512B882E1F5FF1D600B181B6 /* AppDelegate.swift in Sources */ = {isa = PBXBuildFile; fileRef = 512B882D1F5FF1D600B181B6 /* AppDelegate.swift */; };
		512B88301F5FF1D600B181B6 /* ViewController.swift in Sources */ = {isa = PBXBuildFile; fileRef = 512B882F1F5FF1D600B181B6 /* ViewController.swift */; };
		512B88331F5FF1D600B181B6 /* Main.storyboard in Resources */ = {isa = PBXBuildFile; fileRef = 512B88311F5FF1D600B181B6 /* Main.storyboard */; };
		512B88351F5FF1D600B181B6 /* Assets.xcassets in Resources */ = {isa = PBXBuildFile; fileRef = 512B88341F5FF1D600B181B6 /* Assets.xcassets */; };
		512B88381F5FF1D600B181B6 /* LaunchScreen.storyboard in Resources */ = {isa = PBXBuildFile; fileRef = 512B88361F5FF1D600B181B6 /* LaunchScreen.storyboard */; };
		512B883E1F5FF26100B181B6 /* SGImagePickerViewController.swift in Sources */ = {isa = PBXBuildFile; fileRef = 512B883D1F5FF26100B181B6 /* SGImagePickerViewController.swift */; };
		512B88421F5FF47200B181B6 /* Interface.storyboard in Resources */ = {isa = PBXBuildFile; fileRef = 512B88411F5FF47200B181B6 /* Interface.storyboard */; };
/* End PBXBuildFile section */

/* Begin PBXContainerItemProxy section */
		512B88181F5FF13700B181B6 /* PBXContainerItemProxy */ = {
			isa = PBXContainerItemProxy;
			containerPortal = 512B88041F5FF13700B181B6 /* Project object */;
			proxyType = 1;
			remoteGlobalIDString = 512B880C1F5FF13700B181B6;
			remoteInfo = SGImagePicker;
		};
		512B883F1F5FF27500B181B6 /* PBXContainerItemProxy */ = {
			isa = PBXContainerItemProxy;
			containerPortal = 512B88041F5FF13700B181B6 /* Project object */;
			proxyType = 1;
			remoteGlobalIDString = 512B880C1F5FF13700B181B6;
			remoteInfo = SGImagePicker;
		};
/* End PBXContainerItemProxy section */

/* Begin PBXFileReference section */
		512B880D1F5FF13700B181B6 /* SGImagePicker.framework */ = {isa = PBXFileReference; explicitFileType = wrapper.framework; includeInIndex = 0; path = SGImagePicker.framework; sourceTree = BUILT_PRODUCTS_DIR; };
		512B88101F5FF13700B181B6 /* SGImagePicker.h */ = {isa = PBXFileReference; lastKnownFileType = sourcecode.c.h; path = SGImagePicker.h; sourceTree = "<group>"; };
		512B88111F5FF13700B181B6 /* Info.plist */ = {isa = PBXFileReference; lastKnownFileType = text.plist.xml; path = Info.plist; sourceTree = "<group>"; };
		512B88161F5FF13700B181B6 /* SGImagePickerTests.xctest */ = {isa = PBXFileReference; explicitFileType = wrapper.cfbundle; includeInIndex = 0; path = SGImagePickerTests.xctest; sourceTree = BUILT_PRODUCTS_DIR; };
		512B881B1F5FF13700B181B6 /* SGImagePickerTests.swift */ = {isa = PBXFileReference; lastKnownFileType = sourcecode.swift; path = SGImagePickerTests.swift; sourceTree = "<group>"; };
		512B881D1F5FF13700B181B6 /* Info.plist */ = {isa = PBXFileReference; lastKnownFileType = text.plist.xml; path = Info.plist; sourceTree = "<group>"; };
		512B882B1F5FF1D600B181B6 /* SDImagePickerExample.app */ = {isa = PBXFileReference; explicitFileType = wrapper.application; includeInIndex = 0; path = SDImagePickerExample.app; sourceTree = BUILT_PRODUCTS_DIR; };
		512B882D1F5FF1D600B181B6 /* AppDelegate.swift */ = {isa = PBXFileReference; lastKnownFileType = sourcecode.swift; path = AppDelegate.swift; sourceTree = "<group>"; };
		512B882F1F5FF1D600B181B6 /* ViewController.swift */ = {isa = PBXFileReference; lastKnownFileType = sourcecode.swift; path = ViewController.swift; sourceTree = "<group>"; };
		512B88321F5FF1D600B181B6 /* Base */ = {isa = PBXFileReference; lastKnownFileType = file.storyboard; name = Base; path = Base.lproj/Main.storyboard; sourceTree = "<group>"; };
		512B88341F5FF1D600B181B6 /* Assets.xcassets */ = {isa = PBXFileReference; lastKnownFileType = folder.assetcatalog; path = Assets.xcassets; sourceTree = "<group>"; };
		512B88371F5FF1D600B181B6 /* Base */ = {isa = PBXFileReference; lastKnownFileType = file.storyboard; name = Base; path = Base.lproj/LaunchScreen.storyboard; sourceTree = "<group>"; };
		512B88391F5FF1D600B181B6 /* Info.plist */ = {isa = PBXFileReference; lastKnownFileType = text.plist.xml; path = Info.plist; sourceTree = "<group>"; };
		512B883D1F5FF26100B181B6 /* SGImagePickerViewController.swift */ = {isa = PBXFileReference; lastKnownFileType = sourcecode.swift; path = SGImagePickerViewController.swift; sourceTree = "<group>"; };
		512B88411F5FF47200B181B6 /* Interface.storyboard */ = {isa = PBXFileReference; lastKnownFileType = file.storyboard; path = Interface.storyboard; sourceTree = "<group>"; };
/* End PBXFileReference section */

/* Begin PBXFrameworksBuildPhase section */
		512B88091F5FF13700B181B6 /* Frameworks */ = {
			isa = PBXFrameworksBuildPhase;
			buildActionMask = 2147483647;
			files = (
			);
			runOnlyForDeploymentPostprocessing = 0;
		};
		512B88131F5FF13700B181B6 /* Frameworks */ = {
			isa = PBXFrameworksBuildPhase;
			buildActionMask = 2147483647;
			files = (
				512B88171F5FF13700B181B6 /* SGImagePicker.framework in Frameworks */,
			);
			runOnlyForDeploymentPostprocessing = 0;
		};
		512B88281F5FF1D600B181B6 /* Frameworks */ = {
			isa = PBXFrameworksBuildPhase;
			buildActionMask = 2147483647;
			files = (
			);
			runOnlyForDeploymentPostprocessing = 0;
		};
/* End PBXFrameworksBuildPhase section */

/* Begin PBXGroup section */
		512B88031F5FF13700B181B6 = {
			isa = PBXGroup;
			children = (
				512B880F1F5FF13700B181B6 /* SGImagePicker */,
				512B881A1F5FF13700B181B6 /* SGImagePickerTests */,
				512B882C1F5FF1D600B181B6 /* SDImagePickerExample */,
				512B880E1F5FF13700B181B6 /* Products */,
			);
			sourceTree = "<group>";
		};
		512B880E1F5FF13700B181B6 /* Products */ = {
			isa = PBXGroup;
			children = (
				512B880D1F5FF13700B181B6 /* SGImagePicker.framework */,
				512B88161F5FF13700B181B6 /* SGImagePickerTests.xctest */,
				512B882B1F5FF1D600B181B6 /* SDImagePickerExample.app */,
			);
			name = Products;
			sourceTree = "<group>";
		};
		512B880F1F5FF13700B181B6 /* SGImagePicker */ = {
			isa = PBXGroup;
			children = (
				512B88101F5FF13700B181B6 /* SGImagePicker.h */,
				512B883D1F5FF26100B181B6 /* SGImagePickerViewController.swift */,
				512B88411F5FF47200B181B6 /* Interface.storyboard */,
				512B88111F5FF13700B181B6 /* Info.plist */,
			);
			path = SGImagePicker;
			sourceTree = "<group>";
		};
		512B881A1F5FF13700B181B6 /* SGImagePickerTests */ = {
			isa = PBXGroup;
			children = (
				512B881B1F5FF13700B181B6 /* SGImagePickerTests.swift */,
				512B881D1F5FF13700B181B6 /* Info.plist */,
			);
			path = SGImagePickerTests;
			sourceTree = "<group>";
		};
		512B882C1F5FF1D600B181B6 /* SDImagePickerExample */ = {
			isa = PBXGroup;
			children = (
				512B882D1F5FF1D600B181B6 /* AppDelegate.swift */,
				512B882F1F5FF1D600B181B6 /* ViewController.swift */,
				512B88311F5FF1D600B181B6 /* Main.storyboard */,
				512B88341F5FF1D600B181B6 /* Assets.xcassets */,
				512B88361F5FF1D600B181B6 /* LaunchScreen.storyboard */,
				512B88391F5FF1D600B181B6 /* Info.plist */,
			);
			path = SDImagePickerExample;
			sourceTree = "<group>";
		};
/* End PBXGroup section */

/* Begin PBXHeadersBuildPhase section */
		512B880A1F5FF13700B181B6 /* Headers */ = {
			isa = PBXHeadersBuildPhase;
			buildActionMask = 2147483647;
			files = (
				512B881E1F5FF13700B181B6 /* SGImagePicker.h in Headers */,
			);
			runOnlyForDeploymentPostprocessing = 0;
		};
/* End PBXHeadersBuildPhase section */

/* Begin PBXNativeTarget section */
		512B880C1F5FF13700B181B6 /* SGImagePicker */ = {
			isa = PBXNativeTarget;
			buildConfigurationList = 512B88211F5FF13700B181B6 /* Build configuration list for PBXNativeTarget "SGImagePicker" */;
			buildPhases = (
				512B88081F5FF13700B181B6 /* Sources */,
				512B88091F5FF13700B181B6 /* Frameworks */,
				512B880A1F5FF13700B181B6 /* Headers */,
				512B880B1F5FF13700B181B6 /* Resources */,
			);
			buildRules = (
			);
			dependencies = (
			);
			name = SGImagePicker;
			productName = SGImagePicker;
			productReference = 512B880D1F5FF13700B181B6 /* SGImagePicker.framework */;
			productType = "com.apple.product-type.framework";
		};
		512B88151F5FF13700B181B6 /* SGImagePickerTests */ = {
			isa = PBXNativeTarget;
			buildConfigurationList = 512B88241F5FF13700B181B6 /* Build configuration list for PBXNativeTarget "SGImagePickerTests" */;
			buildPhases = (
				512B88121F5FF13700B181B6 /* Sources */,
				512B88131F5FF13700B181B6 /* Frameworks */,
				512B88141F5FF13700B181B6 /* Resources */,
			);
			buildRules = (
			);
			dependencies = (
				512B88191F5FF13700B181B6 /* PBXTargetDependency */,
			);
			name = SGImagePickerTests;
			productName = SGImagePickerTests;
			productReference = 512B88161F5FF13700B181B6 /* SGImagePickerTests.xctest */;
			productType = "com.apple.product-type.bundle.unit-test";
		};
		512B882A1F5FF1D600B181B6 /* SDImagePickerExample */ = {
			isa = PBXNativeTarget;
			buildConfigurationList = 512B883C1F5FF1D600B181B6 /* Build configuration list for PBXNativeTarget "SDImagePickerExample" */;
			buildPhases = (
				512B88271F5FF1D600B181B6 /* Sources */,
				512B88281F5FF1D600B181B6 /* Frameworks */,
				512B88291F5FF1D600B181B6 /* Resources */,
			);
			buildRules = (
			);
			dependencies = (
				512B88401F5FF27500B181B6 /* PBXTargetDependency */,
			);
			name = SDImagePickerExample;
			productName = SDImagePickerExample;
			productReference = 512B882B1F5FF1D600B181B6 /* SDImagePickerExample.app */;
			productType = "com.apple.product-type.application";
		};
/* End PBXNativeTarget section */

/* Begin PBXProject section */
		512B88041F5FF13700B181B6 /* Project object */ = {
			isa = PBXProject;
			attributes = {
				LastSwiftUpdateCheck = 0900;
				LastUpgradeCheck = 0900;
				ORGANIZATIONNAME = sergeygarazha;
				TargetAttributes = {
					512B880C1F5FF13700B181B6 = {
						CreatedOnToolsVersion = 9.0;
						LastSwiftMigration = 0900;
						ProvisioningStyle = Automatic;
					};
					512B88151F5FF13700B181B6 = {
						CreatedOnToolsVersion = 9.0;
						ProvisioningStyle = Automatic;
					};
					512B882A1F5FF1D600B181B6 = {
						CreatedOnToolsVersion = 9.0;
						ProvisioningStyle = Automatic;
					};
				};
			};
			buildConfigurationList = 512B88071F5FF13700B181B6 /* Build configuration list for PBXProject "SGImagePicker" */;
			compatibilityVersion = "Xcode 8.0";
			developmentRegion = en;
			hasScannedForEncodings = 0;
			knownRegions = (
				en,
				Base,
			);
			mainGroup = 512B88031F5FF13700B181B6;
			productRefGroup = 512B880E1F5FF13700B181B6 /* Products */;
			projectDirPath = "";
			projectRoot = "";
			targets = (
				512B880C1F5FF13700B181B6 /* SGImagePicker */,
				512B88151F5FF13700B181B6 /* SGImagePickerTests */,
				512B882A1F5FF1D600B181B6 /* SDImagePickerExample */,
			);
		};
/* End PBXProject section */

/* Begin PBXResourcesBuildPhase section */
		512B880B1F5FF13700B181B6 /* Resources */ = {
			isa = PBXResourcesBuildPhase;
			buildActionMask = 2147483647;
			files = (
				512B88421F5FF47200B181B6 /* Interface.storyboard in Resources */,
			);
			runOnlyForDeploymentPostprocessing = 0;
		};
		512B88141F5FF13700B181B6 /* Resources */ = {
			isa = PBXResourcesBuildPhase;
			buildActionMask = 2147483647;
			files = (
			);
			runOnlyForDeploymentPostprocessing = 0;
		};
		512B88291F5FF1D600B181B6 /* Resources */ = {
			isa = PBXResourcesBuildPhase;
			buildActionMask = 2147483647;
			files = (
				512B88381F5FF1D600B181B6 /* LaunchScreen.storyboard in Resources */,
				512B88351F5FF1D600B181B6 /* Assets.xcassets in Resources */,
				512B88331F5FF1D600B181B6 /* Main.storyboard in Resources */,
			);
			runOnlyForDeploymentPostprocessing = 0;
		};
/* End PBXResourcesBuildPhase section */

/* Begin PBXSourcesBuildPhase section */
		512B88081F5FF13700B181B6 /* Sources */ = {
			isa = PBXSourcesBuildPhase;
			buildActionMask = 2147483647;
			files = (
				512B883E1F5FF26100B181B6 /* SGImagePickerViewController.swift in Sources */,
			);
			runOnlyForDeploymentPostprocessing = 0;
		};
		512B88121F5FF13700B181B6 /* Sources */ = {
			isa = PBXSourcesBuildPhase;
			buildActionMask = 2147483647;
			files = (
				512B881C1F5FF13700B181B6 /* SGImagePickerTests.swift in Sources */,
			);
			runOnlyForDeploymentPostprocessing = 0;
		};
		512B88271F5FF1D600B181B6 /* Sources */ = {
			isa = PBXSourcesBuildPhase;
			buildActionMask = 2147483647;
			files = (
				512B88301F5FF1D600B181B6 /* ViewController.swift in Sources */,
				512B882E1F5FF1D600B181B6 /* AppDelegate.swift in Sources */,
			);
			runOnlyForDeploymentPostprocessing = 0;
		};
/* End PBXSourcesBuildPhase section */

/* Begin PBXTargetDependency section */
		512B88191F5FF13700B181B6 /* PBXTargetDependency */ = {
			isa = PBXTargetDependency;
			target = 512B880C1F5FF13700B181B6 /* SGImagePicker */;
			targetProxy = 512B88181F5FF13700B181B6 /* PBXContainerItemProxy */;
		};
		512B88401F5FF27500B181B6 /* PBXTargetDependency */ = {
			isa = PBXTargetDependency;
			target = 512B880C1F5FF13700B181B6 /* SGImagePicker */;
			targetProxy = 512B883F1F5FF27500B181B6 /* PBXContainerItemProxy */;
		};
/* End PBXTargetDependency section */

/* Begin PBXVariantGroup section */
		512B88311F5FF1D600B181B6 /* Main.storyboard */ = {
			isa = PBXVariantGroup;
			children = (
				512B88321F5FF1D600B181B6 /* Base */,
			);
			name = Main.storyboard;
			sourceTree = "<group>";
		};
		512B88361F5FF1D600B181B6 /* LaunchScreen.storyboard */ = {
			isa = PBXVariantGroup;
			children = (
				512B88371F5FF1D600B181B6 /* Base */,
			);
			name = LaunchScreen.storyboard;
			sourceTree = "<group>";
		};
/* End PBXVariantGroup section */

/* Begin XCBuildConfiguration section */
		512B881F1F5FF13700B181B6 /* Debug */ = {
			isa = XCBuildConfiguration;
			buildSettings = {
				ALWAYS_SEARCH_USER_PATHS = NO;
				CLANG_ANALYZER_NONNULL = YES;
				CLANG_ANALYZER_NUMBER_OBJECT_CONVERSION = YES_AGGRESSIVE;
				CLANG_CXX_LANGUAGE_STANDARD = "gnu++14";
				CLANG_CXX_LIBRARY = "libc++";
				CLANG_ENABLE_MODULES = YES;
				CLANG_ENABLE_OBJC_ARC = YES;
				CLANG_WARN_BLOCK_CAPTURE_AUTORELEASING = YES;
				CLANG_WARN_BOOL_CONVERSION = YES;
				CLANG_WARN_COMMA = YES;
				CLANG_WARN_CONSTANT_CONVERSION = YES;
				CLANG_WARN_DIRECT_OBJC_ISA_USAGE = YES_ERROR;
				CLANG_WARN_DOCUMENTATION_COMMENTS = YES;
				CLANG_WARN_EMPTY_BODY = YES;
				CLANG_WARN_ENUM_CONVERSION = YES;
				CLANG_WARN_INFINITE_RECURSION = YES;
				CLANG_WARN_INT_CONVERSION = YES;
				CLANG_WARN_NON_LITERAL_NULL_CONVERSION = YES;
				CLANG_WARN_OBJC_LITERAL_CONVERSION = YES;
				CLANG_WARN_OBJC_ROOT_CLASS = YES_ERROR;
				CLANG_WARN_RANGE_LOOP_ANALYSIS = YES;
				CLANG_WARN_STRICT_PROTOTYPES = YES;
				CLANG_WARN_SUSPICIOUS_MOVE = YES;
				CLANG_WARN_UNGUARDED_AVAILABILITY = YES_AGGRESSIVE;
				CLANG_WARN_UNREACHABLE_CODE = YES;
				CLANG_WARN__DUPLICATE_METHOD_MATCH = YES;
				CODE_SIGN_IDENTITY = "iPhone Developer";
				COPY_PHASE_STRIP = NO;
				CURRENT_PROJECT_VERSION = 1;
				DEBUG_INFORMATION_FORMAT = dwarf;
				ENABLE_STRICT_OBJC_MSGSEND = YES;
				ENABLE_TESTABILITY = YES;
				GCC_C_LANGUAGE_STANDARD = gnu11;
				GCC_DYNAMIC_NO_PIC = NO;
				GCC_NO_COMMON_BLOCKS = YES;
				GCC_OPTIMIZATION_LEVEL = 0;
				GCC_PREPROCESSOR_DEFINITIONS = (
					"DEBUG=1",
					"$(inherited)",
				);
				GCC_WARN_64_TO_32_BIT_CONVERSION = YES;
				GCC_WARN_ABOUT_RETURN_TYPE = YES_ERROR;
				GCC_WARN_UNDECLARED_SELECTOR = YES;
				GCC_WARN_UNINITIALIZED_AUTOS = YES_AGGRESSIVE;
				GCC_WARN_UNUSED_FUNCTION = YES;
				GCC_WARN_UNUSED_VARIABLE = YES;
				IPHONEOS_DEPLOYMENT_TARGET = 11.0;
				MTL_ENABLE_DEBUG_INFO = YES;
				ONLY_ACTIVE_ARCH = YES;
				SDKROOT = iphoneos;
				SWIFT_ACTIVE_COMPILATION_CONDITIONS = DEBUG;
				SWIFT_OPTIMIZATION_LEVEL = "-Onone";
				VERSIONING_SYSTEM = "apple-generic";
				VERSION_INFO_PREFIX = "";
			};
			name = Debug;
		};
		512B88201F5FF13700B181B6 /* Release */ = {
			isa = XCBuildConfiguration;
			buildSettings = {
				ALWAYS_SEARCH_USER_PATHS = NO;
				CLANG_ANALYZER_NONNULL = YES;
				CLANG_ANALYZER_NUMBER_OBJECT_CONVERSION = YES_AGGRESSIVE;
				CLANG_CXX_LANGUAGE_STANDARD = "gnu++14";
				CLANG_CXX_LIBRARY = "libc++";
				CLANG_ENABLE_MODULES = YES;
				CLANG_ENABLE_OBJC_ARC = YES;
				CLANG_WARN_BLOCK_CAPTURE_AUTORELEASING = YES;
				CLANG_WARN_BOOL_CONVERSION = YES;
				CLANG_WARN_COMMA = YES;
				CLANG_WARN_CONSTANT_CONVERSION = YES;
				CLANG_WARN_DIRECT_OBJC_ISA_USAGE = YES_ERROR;
				CLANG_WARN_DOCUMENTATION_COMMENTS = YES;
				CLANG_WARN_EMPTY_BODY = YES;
				CLANG_WARN_ENUM_CONVERSION = YES;
				CLANG_WARN_INFINITE_RECURSION = YES;
				CLANG_WARN_INT_CONVERSION = YES;
				CLANG_WARN_NON_LITERAL_NULL_CONVERSION = YES;
				CLANG_WARN_OBJC_LITERAL_CONVERSION = YES;
				CLANG_WARN_OBJC_ROOT_CLASS = YES_ERROR;
				CLANG_WARN_RANGE_LOOP_ANALYSIS = YES;
				CLANG_WARN_STRICT_PROTOTYPES = YES;
				CLANG_WARN_SUSPICIOUS_MOVE = YES;
				CLANG_WARN_UNGUARDED_AVAILABILITY = YES_AGGRESSIVE;
				CLANG_WARN_UNREACHABLE_CODE = YES;
				CLANG_WARN__DUPLICATE_METHOD_MATCH = YES;
				CODE_SIGN_IDENTITY = "iPhone Developer";
				COPY_PHASE_STRIP = NO;
				CURRENT_PROJECT_VERSION = 1;
				DEBUG_INFORMATION_FORMAT = "dwarf-with-dsym";
				ENABLE_NS_ASSERTIONS = NO;
				ENABLE_STRICT_OBJC_MSGSEND = YES;
				GCC_C_LANGUAGE_STANDARD = gnu11;
				GCC_NO_COMMON_BLOCKS = YES;
				GCC_WARN_64_TO_32_BIT_CONVERSION = YES;
				GCC_WARN_ABOUT_RETURN_TYPE = YES_ERROR;
				GCC_WARN_UNDECLARED_SELECTOR = YES;
				GCC_WARN_UNINITIALIZED_AUTOS = YES_AGGRESSIVE;
				GCC_WARN_UNUSED_FUNCTION = YES;
				GCC_WARN_UNUSED_VARIABLE = YES;
				IPHONEOS_DEPLOYMENT_TARGET = 11.0;
				MTL_ENABLE_DEBUG_INFO = NO;
				SDKROOT = iphoneos;
				SWIFT_OPTIMIZATION_LEVEL = "-Owholemodule";
				VALIDATE_PRODUCT = YES;
				VERSIONING_SYSTEM = "apple-generic";
				VERSION_INFO_PREFIX = "";
			};
			name = Release;
		};
		512B88221F5FF13700B181B6 /* Debug */ = {
			isa = XCBuildConfiguration;
			buildSettings = {
				CLANG_ENABLE_MODULES = YES;
				CODE_SIGN_IDENTITY = "";
				CODE_SIGN_STYLE = Automatic;
				DEFINES_MODULE = YES;
				DEVELOPMENT_TEAM = GDTL7HS4E2;
				DYLIB_COMPATIBILITY_VERSION = 1;
				DYLIB_CURRENT_VERSION = 1;
				DYLIB_INSTALL_NAME_BASE = "@rpath";
				INFOPLIST_FILE = SGImagePicker/Info.plist;
				INSTALL_PATH = "$(LOCAL_LIBRARY_DIR)/Frameworks";
				LD_RUNPATH_SEARCH_PATHS = "$(inherited) @executable_path/Frameworks @loader_path/Frameworks";
				PRODUCT_BUNDLE_IDENTIFIER = com.sergeygarazha.SGImagePicker;
				PRODUCT_NAME = "$(TARGET_NAME:c99extidentifier)";
				SKIP_INSTALL = YES;
				SWIFT_OPTIMIZATION_LEVEL = "-Onone";
				SWIFT_VERSION = 4.0;
				TARGETED_DEVICE_FAMILY = "1,2";
			};
			name = Debug;
		};
		512B88231F5FF13700B181B6 /* Release */ = {
			isa = XCBuildConfiguration;
			buildSettings = {
				CLANG_ENABLE_MODULES = YES;
				CODE_SIGN_IDENTITY = "";
				CODE_SIGN_STYLE = Automatic;
				DEFINES_MODULE = YES;
				DEVELOPMENT_TEAM = GDTL7HS4E2;
				DYLIB_COMPATIBILITY_VERSION = 1;
				DYLIB_CURRENT_VERSION = 1;
				DYLIB_INSTALL_NAME_BASE = "@rpath";
				INFOPLIST_FILE = SGImagePicker/Info.plist;
				INSTALL_PATH = "$(LOCAL_LIBRARY_DIR)/Frameworks";
				LD_RUNPATH_SEARCH_PATHS = "$(inherited) @executable_path/Frameworks @loader_path/Frameworks";
				PRODUCT_BUNDLE_IDENTIFIER = com.sergeygarazha.SGImagePicker;
				PRODUCT_NAME = "$(TARGET_NAME:c99extidentifier)";
				SKIP_INSTALL = YES;
				SWIFT_VERSION = 4.0;
				TARGETED_DEVICE_FAMILY = "1,2";
			};
			name = Release;
		};
		512B88251F5FF13700B181B6 /* Debug */ = {
			isa = XCBuildConfiguration;
			buildSettings = {
				ALWAYS_EMBED_SWIFT_STANDARD_LIBRARIES = YES;
				CODE_SIGN_STYLE = Automatic;
				DEVELOPMENT_TEAM = GDTL7HS4E2;
				INFOPLIST_FILE = SGImagePickerTests/Info.plist;
				LD_RUNPATH_SEARCH_PATHS = "$(inherited) @executable_path/Frameworks @loader_path/Frameworks";
				PRODUCT_BUNDLE_IDENTIFIER = com.sergeygarazha.SGImagePickerTests;
				PRODUCT_NAME = "$(TARGET_NAME)";
				SWIFT_VERSION = 4.0;
				TARGETED_DEVICE_FAMILY = "1,2";
			};
			name = Debug;
		};
		512B88261F5FF13700B181B6 /* Release */ = {
			isa = XCBuildConfiguration;
			buildSettings = {
				ALWAYS_EMBED_SWIFT_STANDARD_LIBRARIES = YES;
				CODE_SIGN_STYLE = Automatic;
				DEVELOPMENT_TEAM = GDTL7HS4E2;
				INFOPLIST_FILE = SGImagePickerTests/Info.plist;
				LD_RUNPATH_SEARCH_PATHS = "$(inherited) @executable_path/Frameworks @loader_path/Frameworks";
				PRODUCT_BUNDLE_IDENTIFIER = com.sergeygarazha.SGImagePickerTests;
				PRODUCT_NAME = "$(TARGET_NAME)";
				SWIFT_VERSION = 4.0;
				TARGETED_DEVICE_FAMILY = "1,2";
			};
			name = Release;
		};
		512B883A1F5FF1D600B181B6 /* Debug */ = {
			isa = XCBuildConfiguration;
			buildSettings = {
				ASSETCATALOG_COMPILER_APPICON_NAME = AppIcon;
				CODE_SIGN_STYLE = Automatic;
				DEVELOPMENT_TEAM = GDTL7HS4E2;
				INFOPLIST_FILE = SDImagePickerExample/Info.plist;
				LD_RUNPATH_SEARCH_PATHS = "$(inherited) @executable_path/Frameworks";
				PRODUCT_BUNDLE_IDENTIFIER = com.sergeygarazha.SDImagePickerExample;
				PRODUCT_NAME = "$(TARGET_NAME)";
				SWIFT_VERSION = 4.0;
				TARGETED_DEVICE_FAMILY = "1,2";
			};
			name = Debug;
		};
		512B883B1F5FF1D600B181B6 /* Release */ = {
			isa = XCBuildConfiguration;
			buildSettings = {
				ASSETCATALOG_COMPILER_APPICON_NAME = AppIcon;
				CODE_SIGN_STYLE = Automatic;
				DEVELOPMENT_TEAM = GDTL7HS4E2;
				INFOPLIST_FILE = SDImagePickerExample/Info.plist;
				LD_RUNPATH_SEARCH_PATHS = "$(inherited) @executable_path/Frameworks";
				PRODUCT_BUNDLE_IDENTIFIER = com.sergeygarazha.SDImagePickerExample;
				PRODUCT_NAME = "$(TARGET_NAME)";
				SWIFT_VERSION = 4.0;
				TARGETED_DEVICE_FAMILY = "1,2";
			};
			name = Release;
		};
/* End XCBuildConfiguration section */

/* Begin XCConfigurationList section */
		512B88071F5FF13700B181B6 /* Build configuration list for PBXProject "SGImagePicker" */ = {
			isa = XCConfigurationList;
			buildConfigurations = (
				512B881F1F5FF13700B181B6 /* Debug */,
				512B88201F5FF13700B181B6 /* Release */,
			);
			defaultConfigurationIsVisible = 0;
			defaultConfigurationName = Release;
		};
		512B88211F5FF13700B181B6 /* Build configuration list for PBXNativeTarget "SGImagePicker" */ = {
			isa = XCConfigurationList;
			buildConfigurations = (
				512B88221F5FF13700B181B6 /* Debug */,
				512B88231F5FF13700B181B6 /* Release */,
			);
			defaultConfigurationIsVisible = 0;
			defaultConfigurationName = Release;
		};
		512B88241F5FF13700B181B6 /* Build configuration list for PBXNativeTarget "SGImagePickerTests" */ = {
			isa = XCConfigurationList;
			buildConfigurations = (
				512B88251F5FF13700B181B6 /* Debug */,
				512B88261F5FF13700B181B6 /* Release */,
			);
			defaultConfigurationIsVisible = 0;
			defaultConfigurationName = Release;
		};
		512B883C1F5FF1D600B181B6 /* Build configuration list for PBXNativeTarget "SDImagePickerExample" */ = {
			isa = XCConfigurationList;
			buildConfigurations = (
				512B883A1F5FF1D600B181B6 /* Debug */,
				512B883B1F5FF1D600B181B6 /* Release */,
			);
			defaultConfigurationIsVisible = 0;
			defaultConfigurationName = Release;
		};
/* End XCConfigurationList section */
	};
	rootObject = 512B88041F5FF13700B181B6 /* Project object */;
}
